github.com/fatih/structtag v1.2.0 h1:/OdNE99OxoI/PqaW/SuSK9uxxT3f/tcSZgon/ssNSx4=
github.com/fatih/structtag v1.2.0/go.mod h1:mBJUNpUnHmRKrKlQQlmCrh5PuhftFbNv8Ys4/aAZl94=
github.com/mattn/go-colorable v0.1.1 h1:G1f5SKeVxmagw/IyvzvtZE4Gybcc4Tr1tf7I8z0XgOg=
github.com/mattn/go-colorable v0.1.1/go.mod h1:FuOcm+DKB9mbwrcAfNl7/TZVBZ6rcnceauSikq3lYCQ=
github.com/mattn/go-isatty v0.0.5 h1:tHXDdz1cpzGaovsTB+TVB8q90WEokoVmfMqoVcrLUgw=
github.com/mattn/go-isatty v0.0.5/go.mod h1:Iq45c/XA43vh69/j3iqttzPXn0bhXyGjM0Hdxcsrc5s=
github.com/mgutz/ansi v0.0.0-20170206155736-9520e82c474b h1:j7+1HpAFS1zy5+Q4qx1fWh90gTKwiN4QCGoY9TWyyO4=
github.com/mgutz/ansi v0.0.0-20170206155736-9520e82c474b/go.mod h1:01TrycV0kFyexm33Z7vhZRXopbI8J3TDReVlkTgMUxE=
github.com/pschlump/MiscLib v0.0.0-20171012162159-e4e6a3a34d5f/go.mod h1:5xTdUkCWL2ER+MgvBAgx7ShwN7ZPUY1RMqT3vnFjCdg=
github.com/pschlump/MiscLib v1.0.0 h1:YVcB78dGbmysnhAI18M+i5ioBVYcCrYNsHq3FYwdJps=
github.com/pschlump/MiscLib v1.0.0/go.mod h1:33BegrXglROGxpDvBSciKSCc1oEKj6oRgJWD5ZEX+ZI=
github.com/pschlump/godebug v0.0.0-20190221170503-8c05f846059a/go.mod h1:LcS3H2JkmKvbm+SHqvxV4YgOhxuysSpsKhoEOM96Izs=
github.com/pschlump/godebug v1.0.0/go.mod h1:LcS3H2JkmKvbm+SHqvxV4YgOhxuysSpsKhoEOM96Izs=
github.com/pschlump/godebug v1.0.1 h1:oqIIpV3mY+0ZPOmRvEA4evu9NXbTXybr3q4NMv1MCKo=
github.com/pschlump/godebug v1.0.1/go.mod h1:2Xc0mMFygPm2NYRpRUDChvUjh+91oIxDPRB1OAL8XfE=
github.com/pschlump/goqrcode v0.0.0-20200407010039-5b7fbed54710 h1:UldSNZOH1l9WdT3YnKncPPy2nc6YJQeQcne2g57tirk=
github.com/pschlump/goqrcode v0.0.0-20200407010039-5b7fbed54710/go.mod h1:iwDw1NlAWoy+ov7EAl+r4fuls+vr7RKAy+yamDolvn8=
github.com/pschlump/goqrcode v1.0.0 h1:oXdIJ7/Ps5BaQ2Jxi78gTWxqM9VcI68Y0cQ+xyvHGYU=
github.com/pschlump/goqrcode v1.0.0/go.mod h1:iwDw1NlAWoy+ov7EAl+r4fuls+vr7RKAy+yamDolvn8=
github.com/pschlump/goqrcode v1.0.1 h1:KDCTRqSS8vUAmmhtzTiRdauJeW5O7yafW/LQhbc4nio=
github.com/pschlump/goqrcode v1.0.1/go.mod h1:iwDw1NlAWoy+ov7EAl+r4fuls+vr7RKAy+yamDolvn8=
github.com/pschlump/json v0.0.0-20180316172947-0d2e6a308e08/go.mod h1:MyeKNxcsYS/AaCqIp6DgPdaE/4NVH49OJVCnQsRoevI=
github.com/pschlump/json v1.12.0 h1:PjkeVEgEUg+vkHC8CfeXIG4fChev3a7gjl9wYrTnPIE=
github.com/pschlump/json v1.12.0/go.mod h1:MyeKNxcsYS/AaCqIp6DgPdaE/4NVH49OJVCnQsRoevI=
github.com/pschlump/jsonSyntaxErrorLib v1.0.1 h1:Tfc5nLlmyOfJc0Xtk70CU4F4q/AaAvnxK31+rWGUeLo=
github.com/pschlump/jsonSyntaxErrorLib v1.0.1/go.mod h1:n13lHtoalG+X635RmkFZJQtlLN8qlP775ukxGtylXbk=
github.com/pschlump/radix.v2 v0.2.1 h1:n3J/XcBLCLJcGvA8pPSaU4AwbaPb9w2qpBWfEDR3wEA=
github.com/pschlump/radix.v2 v0.2.1/go.mod h1:dnTFV5WaqolbganEh4Qm+3d2A/9Zv3SseRDR0+ddzeQ=
github.com/pschlump/uuid v1.0.3 h1:aRd+yQH+Ghu4BQo5m0PoRemKXVp3AOwrGkIf7bShdIs=
github.com/pschlump/uuid v1.0.3/go.mod h1:syDrH6XkXqe0CV5qaDp79i50wCes286TMGh6nvHzVyU=
golang.org/x/crypto v0.0.0-20190308221718-c2843e01d9a2/go.mod h1:djNgcEr1/C05ACkg1iLfiJU5Ep61QUkGW8qpdssI0+w=
golang.org/x/crypto v0.0.0-20200406173513-056763e48d71 h1:DOmugCavvUtnUD114C1Wh+UgTgQZ4pMLzXxi1pSt+/Y=
golang.org/x/crypto v0.0.0-20200406173513-056763e48d71/go.mod h1:LzIPMQfyMNhhGPhUkYOs5KpL4U8rLKemX1yGLhDgUto=
golang.org/x/net v0.0.0-20190404232315-eb5bcb51f2a3/go.mod h1:t9HGtf8HONx5eT2rtn7q6eTqICYqUVnKs3thJo3Qplg=
golang.org/x/sys v0.0.0-20190215142949-d0b11bdaac8a/go.mod h1:STP8DvDyc/dI5b8T5hshtkjS+E42TnysNCUPdjciGhY=
golang.org/x/sys v0.0.0-20190222072716-a9d3bda3a223/go.mod h1:STP8DvDyc/dI5b8T5hshtkjS+E42TnysNCUPdjciGhY=
golang.org/x/sys v0.0.0-20190412213103-97732733099d h1:+R4KGOnez64A81RvjARKc4UT5/tI9ujCIVX+P5KiHuI=
golang.org/x/sys v0.0.0-20190412213103-97732733099d/go.mod h1:h1NjWce9XRLGQEsW7wpKNCjG9DtNlClVuFLEZdDNbEs=
golang.org/x/text v0.3.0/go.mod h1:NqM8EUOU14njkJ3fqMW+pc6Ldnwhi/IjpwHt7yyuwOQ=
